
Microsoft Visual Studio Solution File, Format Version 12.00
# Visual Studio Version 17
VisualStudioVersion = 17.6.33801.468
MinimumVisualStudioVersion = 10.0.40219.1
Project("{FAE04EC0-301F-11D3-BF4B-00C04F79EFBC}") = "Client", "Client.csproj", "{9BD51F37-7233-4D37-AEAD-3285D4B763C5}"
EndProject
Global
	GlobalSection(SolutionConfigurationPlatforms) = preSolution
		Debug|Any CPU = Debug|Any CPU
		Release|Any CPU = Release|Any CPU
	EndGlobalSection
	GlobalSection(ProjectConfigurationPlatforms) = postSolution
		{9BD51F37-7233-4D37-AEAD-3285D4B763C5}.Debug|Any CPU.ActiveCfg = Debug|Any CPU
		{9BD51F37-7233-4D37-AEAD-3285D4B763C5}.Debug|Any CPU.Build.0 = Debug|Any CPU
		{9BD51F37-7233-4D37-AEAD-3285D4B763C5}.Release|Any CPU.ActiveCfg = Release|Any CPU
		{9BD51F37-7233-4D37-AEAD-3285D4B763C5}.Release|Any CPU.Build.0 = Release|Any CPU
	EndGlobalSection
	GlobalSection(SolutionProperties) = preSolution
		HideSolutionNode = FALSE
	EndGlobalSection
	GlobalSection(ExtensibilityGlobals) = postSolution
		SolutionGuid = {AEC53A2E-72DD-4831-AC39-5C1FE6147586}
	EndGlobalSection
EndGlobal
