
Microsoft Visual Studio Solution File, Format Version 12.00
# Visual Studio Version 17
VisualStudioVersion = 17.6.33801.468
MinimumVisualStudioVersion = 10.0.40219.1
Project("{FAE04EC0-301F-11D3-BF4B-00C04F79EFBC}") = "Server", "Server.csproj", "{369E78DA-5A4C-4B7B-B3F8-B240E23FF41D}"
EndProject
Global
	GlobalSection(SolutionConfigurationPlatforms) = preSolution
		Debug|Any CPU = Debug|Any CPU
		Release|Any CPU = Release|Any CPU
	EndGlobalSection
	GlobalSection(ProjectConfigurationPlatforms) = postSolution
		{369E78DA-5A4C-4B7B-B3F8-B240E23FF41D}.Debug|Any CPU.ActiveCfg = Debug|Any CPU
		{369E78DA-5A4C-4B7B-B3F8-B240E23FF41D}.Debug|Any CPU.Build.0 = Debug|Any CPU
		{369E78DA-5A4C-4B7B-B3F8-B240E23FF41D}.Release|Any CPU.ActiveCfg = Release|Any CPU
		{369E78DA-5A4C-4B7B-B3F8-B240E23FF41D}.Release|Any CPU.Build.0 = Release|Any CPU
	EndGlobalSection
	GlobalSection(SolutionProperties) = preSolution
		HideSolutionNode = FALSE
	EndGlobalSection
	GlobalSection(ExtensibilityGlobals) = postSolution
		SolutionGuid = {24BDD352-A81C-4543-BEAD-34D68B52AB86}
	EndGlobalSection
EndGlobal
